
Microsoft Visual Studio Solution File, Format Version 12.00
Project("{FAE04EC0-301F-11D3-BF4B-00C04F79EFBC}") = "Requests-and-Responses", "Requests-and-Responses\Requests-and-Responses.csproj", "{3A63F33C-E0F3-4F68-8132-09529795A2EB}"
EndProject
Global
	GlobalSection(SolutionConfigurationPlatforms) = preSolution
		Debug|Any CPU = Debug|Any CPU
		Release|Any CPU = Release|Any CPU
	EndGlobalSection
	GlobalSection(ProjectConfigurationPlatforms) = postSolution
		{3A63F33C-E0F3-4F68-8132-09529795A2EB}.Debug|Any CPU.ActiveCfg = Debug|Any CPU
		{3A63F33C-E0F3-4F68-8132-09529795A2EB}.Debug|Any CPU.Build.0 = Debug|Any CPU
		{3A63F33C-E0F3-4F68-8132-09529795A2EB}.Release|Any CPU.ActiveCfg = Release|Any CPU
		{3A63F33C-E0F3-4F68-8132-09529795A2EB}.Release|Any CPU.Build.0 = Release|Any CPU
	EndGlobalSection
EndGlobal
